
Microsoft Visual Studio Solution File, Format Version 12.00
# Visual Studio 14
VisualStudioVersion = 14.0.22823.1
MinimumVisualStudioVersion = 10.0.40219.1
Project("{FAE04EC0-301F-11D3-BF4B-00C04F79EFBC}") = "WebSocket.Net", "WebSocket.Net.csproj", "{F6D5AF5E-E329-49D3-9A61-4C96370E3C8C}"
EndProject
Global
	GlobalSection(SolutionConfigurationPlatforms) = preSolution
		Debug|Any CPU = Debug|Any CPU
		Release|Any CPU = Release|Any CPU
	EndGlobalSection
	GlobalSection(ProjectConfigurationPlatforms) = postSolution
		{F6D5AF5E-E329-49D3-9A61-4C96370E3C8C}.Debug|Any CPU.ActiveCfg = Debug|Any CPU
		{F6D5AF5E-E329-49D3-9A61-4C96370E3C8C}.Debug|Any CPU.Build.0 = Debug|Any CPU
		{F6D5AF5E-E329-49D3-9A61-4C96370E3C8C}.Release|Any CPU.ActiveCfg = Release|Any CPU
		{F6D5AF5E-E329-49D3-9A61-4C96370E3C8C}.Release|Any CPU.Build.0 = Release|Any CPU
	EndGlobalSection
	GlobalSection(SolutionProperties) = preSolution
		HideSolutionNode = FALSE
	EndGlobalSection
EndGlobal
