
Microsoft Visual Studio Solution File, Format Version 12.00
# Visual Studio 15
VisualStudioVersion = 15.0.27703.2026
MinimumVisualStudioVersion = 10.0.40219.1
Project("{FAE04EC0-301F-11D3-BF4B-00C04F79EFBC}") = "WebSocket.UWP", "WebSocket.UWP.csproj", "{F5CE21D5-F35F-493C-ADC1-D15B7392851E}"
EndProject
Global
	GlobalSection(SolutionConfigurationPlatforms) = preSolution
		Debug|Any CPU = Debug|Any CPU
		Debug|ARM = Debug|ARM
		Debug|x64 = Debug|x64
		Debug|x86 = Debug|x86
		Release|Any CPU = Release|Any CPU
		Release|ARM = Release|ARM
		Release|x64 = Release|x64
		Release|x86 = Release|x86
	EndGlobalSection
	GlobalSection(ProjectConfigurationPlatforms) = postSolution
		{F5CE21D5-F35F-493C-ADC1-D15B7392851E}.Debug|Any CPU.ActiveCfg = Debug|Any CPU
		{F5CE21D5-F35F-493C-ADC1-D15B7392851E}.Debug|Any CPU.Build.0 = Debug|Any CPU
		{F5CE21D5-F35F-493C-ADC1-D15B7392851E}.Debug|ARM.ActiveCfg = Debug|ARM
		{F5CE21D5-F35F-493C-ADC1-D15B7392851E}.Debug|ARM.Build.0 = Debug|ARM
		{F5CE21D5-F35F-493C-ADC1-D15B7392851E}.Debug|x64.ActiveCfg = Debug|x64
		{F5CE21D5-F35F-493C-ADC1-D15B7392851E}.Debug|x64.Build.0 = Debug|x64
		{F5CE21D5-F35F-493C-ADC1-D15B7392851E}.Debug|x86.ActiveCfg = Debug|x86
		{F5CE21D5-F35F-493C-ADC1-D15B7392851E}.Debug|x86.Build.0 = Debug|x86
		{F5CE21D5-F35F-493C-ADC1-D15B7392851E}.Release|Any CPU.ActiveCfg = Release|Any CPU
		{F5CE21D5-F35F-493C-ADC1-D15B7392851E}.Release|Any CPU.Build.0 = Release|Any CPU
		{F5CE21D5-F35F-493C-ADC1-D15B7392851E}.Release|ARM.ActiveCfg = Release|ARM
		{F5CE21D5-F35F-493C-ADC1-D15B7392851E}.Release|ARM.Build.0 = Release|ARM
		{F5CE21D5-F35F-493C-ADC1-D15B7392851E}.Release|x64.ActiveCfg = Release|x64
		{F5CE21D5-F35F-493C-ADC1-D15B7392851E}.Release|x64.Build.0 = Release|x64
		{F5CE21D5-F35F-493C-ADC1-D15B7392851E}.Release|x86.ActiveCfg = Release|x86
		{F5CE21D5-F35F-493C-ADC1-D15B7392851E}.Release|x86.Build.0 = Release|x86
	EndGlobalSection
	GlobalSection(SolutionProperties) = preSolution
		HideSolutionNode = FALSE
	EndGlobalSection
	GlobalSection(ExtensibilityGlobals) = postSolution
		SolutionGuid = {B821A662-3E28-499A-921A-9CF5071F3835}
	EndGlobalSection
EndGlobal
